speakeasyVersion: 1.444.3
sources:
    orq-test2-prerelease-node:
        sourceNamespace: orq-test2-prerelease-node
        sourceRevisionDigest: sha256:2b531e6b9ce20863ee1cf720762944af6f9a335b8992e4cef41f7e3a25e6b6f4
        sourceBlobDigest: sha256:973a66a659ba6286a8a887396785541bde3134691a9d26ebaa869c498391caf6
        tags:
            - latest
            - speakeasy-sdk-regen-1732463378
            - "2.0"
targets:
    orq-test2-prerelease-node:
        source: orq-test2-prerelease-node
        sourceNamespace: orq-test2-prerelease-node
        sourceRevisionDigest: sha256:2b531e6b9ce20863ee1cf720762944af6f9a335b8992e4cef41f7e3a25e6b6f4
        sourceBlobDigest: sha256:973a66a659ba6286a8a887396785541bde3134691a9d26ebaa869c498391caf6
        codeSamplesNamespace: orq-test2-prerelease-node-code-samples
        codeSamplesRevisionDigest: sha256:c61dd9196736fd998f1981ad788f2f592380bfd25adf12009b56a889b59a8f7c
workflow:
    workflowVersion: 1.0.0
    speakeasyVersion: latest
    sources:
        orq-test2-node:
            inputs:
                - location: ./openapi.yaml
            registry:
                location: registry.speakeasyapi.dev/orq/orq/orq-test2-node
        orq-test2-prerelease-node:
            inputs:
                - location: ./openapi-prerelease.yaml
            registry:
                location: registry.speakeasyapi.dev/orq/orq/orq-test2-prerelease-node
    targets:
        orq-test2-node:
            target: typescript
            source: orq-test2-node
            publish:
                npm:
                    token: $npm_token
            codeSamples:
                registry:
                    location: registry.speakeasyapi.dev/orq/orq/orq-test2-node-code-samples
                blocking: false
        orq-test2-prerelease-node:
            target: typescript
            source: orq-test2-prerelease-node
            output: ./packages/orq-rc
            publish:
                npm:
                    token: $npm_token
            codeSamples:
                registry:
                    location: registry.speakeasyapi.dev/orq/orq/orq-test2-prerelease-node-code-samples
                blocking: false
