speakeasyVersion: 1.446.1
sources:
    orq-test2-node:
        sourceNamespace: orq-test2-node
        sourceRevisionDigest: sha256:24f7e04d1d79e41eca400170895459085a1851858e1742375624fa5223355e71
        sourceBlobDigest: sha256:f3e4bff3ba6aa39775007dfed5a65d09d2ca3655b8b21048081d08f85b533b72
        tags:
            - latest
            - speakeasy-sdk-regen-1732618953
            - "2.0"
    orq-test2-prerelease-node:
        sourceNamespace: orq-test2-prerelease-node
        sourceRevisionDigest: sha256:a1a6c1752a1a1941a3777d30f46f0be53ee4f8f357a5fcef0df4d2467d4e89c2
        sourceBlobDigest: sha256:d2c88ba39f6ddc9ffbd7fa6d01ebc8e66b41aa7b34a7d7f346934e61a8dc1150
        tags:
            - latest
            - speakeasy-sdk-regen-1732619548
            - "2.0"
targets:
    orq-test2-node:
        source: orq-test2-node
        sourceNamespace: orq-test2-node
        sourceRevisionDigest: sha256:24f7e04d1d79e41eca400170895459085a1851858e1742375624fa5223355e71
        sourceBlobDigest: sha256:f3e4bff3ba6aa39775007dfed5a65d09d2ca3655b8b21048081d08f85b533b72
        codeSamplesNamespace: orq-test2-node-code-samples
        codeSamplesRevisionDigest: sha256:58288bf642ee44b427cbe630ecd346b95c4715c6aaf81d389dbd1977d078ce5b
    orq-test2-prerelease-node:
        source: orq-test2-prerelease-node
        sourceNamespace: orq-test2-prerelease-node
        sourceRevisionDigest: sha256:a1a6c1752a1a1941a3777d30f46f0be53ee4f8f357a5fcef0df4d2467d4e89c2
        sourceBlobDigest: sha256:d2c88ba39f6ddc9ffbd7fa6d01ebc8e66b41aa7b34a7d7f346934e61a8dc1150
        codeSamplesNamespace: orq-test2-prerelease-node-code-samples
        codeSamplesRevisionDigest: sha256:344a4cc8d26f03fabe36d397995524e9b83b06daa381b54218ae604bd68579e5
workflow:
    workflowVersion: 1.0.0
    speakeasyVersion: latest
    sources:
        orq-test2-node:
            inputs:
                - location: ./openapi.yaml
            registry:
                location: registry.speakeasyapi.dev/orq/orq/orq-test2-node
        orq-test2-prerelease-node:
            inputs:
                - location: ./openapi-prerelease.yaml
            registry:
                location: registry.speakeasyapi.dev/orq/orq/orq-test2-prerelease-node
    targets:
        orq-test2-node:
            target: typescript
            source: orq-test2-node
            publish:
                npm:
                    token: $npm_token
            codeSamples:
                registry:
                    location: registry.speakeasyapi.dev/orq/orq/orq-test2-node-code-samples
                blocking: false
        orq-test2-prerelease-node:
            target: typescript
            source: orq-test2-prerelease-node
            output: ./packages/orq-rc
            publish:
                npm:
                    token: $npm_token
            codeSamples:
                registry:
                    location: registry.speakeasyapi.dev/orq/orq/orq-test2-prerelease-node-code-samples
                blocking: false
