speakeasyVersion: 1.446.0
sources:
    orq-test2-node:
        sourceNamespace: orq-test2-node
        sourceRevisionDigest: sha256:a02d0c9ea53db834335b18c01e6094fa3ba6da79047391a2ef83620dad4c1482
        sourceBlobDigest: sha256:f86d6a7c355488e601c7fc9174a9aa4ea69017fc58cbdddb7a8c38c3805bf247
        tags:
            - latest
            - speakeasy-sdk-regen-1732543663
            - "2.0"
    orq-test2-prerelease-node:
        sourceNamespace: orq-test2-prerelease-node
        sourceRevisionDigest: sha256:9cfcbfadeba7939cb8d8e9d0e8f3d44416fba1b1a5ee0b31857cd720deb0c7c0
        sourceBlobDigest: sha256:ce3d51108db783b73711b50b57743c11ce3c2b9ab1fe073c01a42aedeacef969
        tags:
            - latest
            - speakeasy-sdk-regen-1732588737
            - "2.0"
targets:
    orq-test2-node:
        source: orq-test2-node
        sourceNamespace: orq-test2-node
        sourceRevisionDigest: sha256:a02d0c9ea53db834335b18c01e6094fa3ba6da79047391a2ef83620dad4c1482
        sourceBlobDigest: sha256:f86d6a7c355488e601c7fc9174a9aa4ea69017fc58cbdddb7a8c38c3805bf247
        codeSamplesNamespace: orq-test2-node-code-samples
        codeSamplesRevisionDigest: sha256:c1588440b889aff79810039c63972bb44e33d92ba17bf57d60421e4c0b7061ed
    orq-test2-prerelease-node:
        source: orq-test2-prerelease-node
        sourceNamespace: orq-test2-prerelease-node
        sourceRevisionDigest: sha256:9cfcbfadeba7939cb8d8e9d0e8f3d44416fba1b1a5ee0b31857cd720deb0c7c0
        sourceBlobDigest: sha256:ce3d51108db783b73711b50b57743c11ce3c2b9ab1fe073c01a42aedeacef969
        codeSamplesNamespace: orq-test2-prerelease-node-code-samples
        codeSamplesRevisionDigest: sha256:13d13bf499238668dc421394a03e9c03da1c4f77598131c009e1e9f7b6341d6f
workflow:
    workflowVersion: 1.0.0
    speakeasyVersion: latest
    sources:
        orq-test2-node:
            inputs:
                - location: ./openapi.yaml
            registry:
                location: registry.speakeasyapi.dev/orq/orq/orq-test2-node
        orq-test2-prerelease-node:
            inputs:
                - location: ./openapi-prerelease.yaml
            registry:
                location: registry.speakeasyapi.dev/orq/orq/orq-test2-prerelease-node
    targets:
        orq-test2-node:
            target: typescript
            source: orq-test2-node
            publish:
                npm:
                    token: $npm_token
            codeSamples:
                registry:
                    location: registry.speakeasyapi.dev/orq/orq/orq-test2-node-code-samples
                blocking: false
        orq-test2-prerelease-node:
            target: typescript
            source: orq-test2-prerelease-node
            output: ./packages/orq-rc
            publish:
                npm:
                    token: $npm_token
            codeSamples:
                registry:
                    location: registry.speakeasyapi.dev/orq/orq/orq-test2-prerelease-node-code-samples
                blocking: false
